
Microsoft Visual Studio Solution File, Format Version 12.00
# Visual Studio Version 16
VisualStudioVersion = 16.0.29509.3
MinimumVisualStudioVersion = 10.0.40219.1
Project("{8BC9CEB8-8B4A-11D0-8D11-00A0C91BC942}") = "SpMVM_OpenCL_JAD", "SpMVM_OpenCL\SpMVM_OpenCL_JAD\SpMVM_OpenCL_JAD.vcxproj", "{6D6CBE16-2244-4659-A4E4-AE309B0EBBFA}"
EndProject
Project("{8BC9CEB8-8B4A-11D0-8D11-00A0C91BC942}") = "SpMVM_OpenCL_ELL", "SpMVM_OpenCL\SpMVM_OpenCL_ELL\SpMVM_OpenCL_ELL.vcxproj", "{8E6AEC70-D8DA-49AA-B260-C015D963AB41}"
EndProject
Project("{8BC9CEB8-8B4A-11D0-8D11-00A0C91BC942}") = "SpMVM_OpenCL_DIA", "SpMVM_OpenCL\SpMVM_OpenCL_DIA\SpMVM_OpenCL_DIA.vcxproj", "{E9B0BAFB-20E8-4CFF-BB23-187246BFB0D5}"
EndProject
Project("{8BC9CEB8-8B4A-11D0-8D11-00A0C91BC942}") = "SpMVM_OpenCL_CSR", "SpMVM_OpenCL\SpMVM_OpenCL_CSR\SpMVM_OpenCL_CSR.vcxproj", "{91B5E638-821A-4A97-883B-76A5B3ADF571}"
EndProject
Project("{8BC9CEB8-8B4A-11D0-8D11-00A0C91BC942}") = "SpMVM_OpenCL_HYB", "SpMVM_OpenCL\SpMVM_OpenCL_HYB\SpMVM_OpenCL_HYB.vcxproj", "{8B2F8BE8-0C6A-405C-8687-B27230B2E25D}"
EndProject
Project("{8BC9CEB8-8B4A-11D0-8D11-00A0C91BC942}") = "SpMVM_OpenCL_GMVM", "SpMVM_OpenCL\SpMVM_OpenCL_GMVM\SpMVM_OpenCL_GMVM.vcxproj", "{817B6858-D4AF-419B-B6B9-1CD359744DBB}"
EndProject
Project("{8BC9CEB8-8B4A-11D0-8D11-00A0C91BC942}") = "SpMVM_GEN_MAT", "SpMVM_OpenCL\SpMVM_GEN_MAT\SpMVM_GEN_MAT.vcxproj", "{0B2853B5-0AC7-46B3-9DCF-B187A46D1C7B}"
EndProject
Project("{8BC9CEB8-8B4A-11D0-8D11-00A0C91BC942}") = "SpMVM_INPUT_LIB", "SpMVM_OpenCL\SpMVM_INPUT_LIB\SpMVM_INPUT_LIB.vcxproj", "{FB6F03D6-2E4B-4667-BA57-8BB62B4DB464}"
EndProject
Project("{8BC9CEB8-8B4A-11D0-8D11-00A0C91BC942}") = "SpMVM_OpenCL_SUITE", "SpMVM_OpenCL\SpMVM_OpenCL_SUITE\SpMVM_OpenCL_SUITE.vcxproj", "{14600BFB-9E7F-4CF7-88FF-D6B2CAD8D67A}"
EndProject
Project("{8BC9CEB8-8B4A-11D0-8D11-00A0C91BC942}") = "SpMVM_ASMBLY_EXTR", "SpMVM_OpenCL\SpMVM_ASMBLY_EXTR\SpMVM_ASMBLY_EXTR.vcxproj", "{76047BE6-6B27-47CB-869B-8DC955C482E9}"
EndProject
Global
	GlobalSection(SolutionConfigurationPlatforms) = preSolution
		Debug|Any CPU = Debug|Any CPU
		Debug|x64 = Debug|x64
		Debug|x86 = Debug|x86
		Release|Any CPU = Release|Any CPU
		Release|x64 = Release|x64
		Release|x86 = Release|x86
	EndGlobalSection
	GlobalSection(ProjectConfigurationPlatforms) = postSolution
		{6D6CBE16-2244-4659-A4E4-AE309B0EBBFA}.Debug|Any CPU.ActiveCfg = Debug|Win32
		{6D6CBE16-2244-4659-A4E4-AE309B0EBBFA}.Debug|x64.ActiveCfg = Debug|x64
		{6D6CBE16-2244-4659-A4E4-AE309B0EBBFA}.Debug|x64.Build.0 = Debug|x64
		{6D6CBE16-2244-4659-A4E4-AE309B0EBBFA}.Debug|x86.ActiveCfg = Debug|Win32
		{6D6CBE16-2244-4659-A4E4-AE309B0EBBFA}.Debug|x86.Build.0 = Debug|Win32
		{6D6CBE16-2244-4659-A4E4-AE309B0EBBFA}.Release|Any CPU.ActiveCfg = Release|Win32
		{6D6CBE16-2244-4659-A4E4-AE309B0EBBFA}.Release|x64.ActiveCfg = Release|x64
		{6D6CBE16-2244-4659-A4E4-AE309B0EBBFA}.Release|x64.Build.0 = Release|x64
		{6D6CBE16-2244-4659-A4E4-AE309B0EBBFA}.Release|x86.ActiveCfg = Release|Win32
		{6D6CBE16-2244-4659-A4E4-AE309B0EBBFA}.Release|x86.Build.0 = Release|Win32
		{8E6AEC70-D8DA-49AA-B260-C015D963AB41}.Debug|Any CPU.ActiveCfg = Debug|Win32
		{8E6AEC70-D8DA-49AA-B260-C015D963AB41}.Debug|x64.ActiveCfg = Debug|x64
		{8E6AEC70-D8DA-49AA-B260-C015D963AB41}.Debug|x64.Build.0 = Debug|x64
		{8E6AEC70-D8DA-49AA-B260-C015D963AB41}.Debug|x86.ActiveCfg = Debug|Win32
		{8E6AEC70-D8DA-49AA-B260-C015D963AB41}.Debug|x86.Build.0 = Debug|Win32
		{8E6AEC70-D8DA-49AA-B260-C015D963AB41}.Release|Any CPU.ActiveCfg = Release|Win32
		{8E6AEC70-D8DA-49AA-B260-C015D963AB41}.Release|x64.ActiveCfg = Release|x64
		{8E6AEC70-D8DA-49AA-B260-C015D963AB41}.Release|x64.Build.0 = Release|x64
		{8E6AEC70-D8DA-49AA-B260-C015D963AB41}.Release|x86.ActiveCfg = Release|Win32
		{8E6AEC70-D8DA-49AA-B260-C015D963AB41}.Release|x86.Build.0 = Release|Win32
		{E9B0BAFB-20E8-4CFF-BB23-187246BFB0D5}.Debug|Any CPU.ActiveCfg = Debug|Win32
		{E9B0BAFB-20E8-4CFF-BB23-187246BFB0D5}.Debug|x64.ActiveCfg = Debug|x64
		{E9B0BAFB-20E8-4CFF-BB23-187246BFB0D5}.Debug|x64.Build.0 = Debug|x64
		{E9B0BAFB-20E8-4CFF-BB23-187246BFB0D5}.Debug|x86.ActiveCfg = Debug|Win32
		{E9B0BAFB-20E8-4CFF-BB23-187246BFB0D5}.Debug|x86.Build.0 = Debug|Win32
		{E9B0BAFB-20E8-4CFF-BB23-187246BFB0D5}.Release|Any CPU.ActiveCfg = Release|Win32
		{E9B0BAFB-20E8-4CFF-BB23-187246BFB0D5}.Release|x64.ActiveCfg = Release|x64
		{E9B0BAFB-20E8-4CFF-BB23-187246BFB0D5}.Release|x64.Build.0 = Release|x64
		{E9B0BAFB-20E8-4CFF-BB23-187246BFB0D5}.Release|x86.ActiveCfg = Release|Win32
		{E9B0BAFB-20E8-4CFF-BB23-187246BFB0D5}.Release|x86.Build.0 = Release|Win32
		{91B5E638-821A-4A97-883B-76A5B3ADF571}.Debug|Any CPU.ActiveCfg = Debug|Win32
		{91B5E638-821A-4A97-883B-76A5B3ADF571}.Debug|x64.ActiveCfg = Debug|x64
		{91B5E638-821A-4A97-883B-76A5B3ADF571}.Debug|x64.Build.0 = Debug|x64
		{91B5E638-821A-4A97-883B-76A5B3ADF571}.Debug|x86.ActiveCfg = Debug|Win32
		{91B5E638-821A-4A97-883B-76A5B3ADF571}.Debug|x86.Build.0 = Debug|Win32
		{91B5E638-821A-4A97-883B-76A5B3ADF571}.Release|Any CPU.ActiveCfg = Release|Win32
		{91B5E638-821A-4A97-883B-76A5B3ADF571}.Release|x64.ActiveCfg = Release|x64
		{91B5E638-821A-4A97-883B-76A5B3ADF571}.Release|x64.Build.0 = Release|x64
		{91B5E638-821A-4A97-883B-76A5B3ADF571}.Release|x86.ActiveCfg = Release|Win32
		{91B5E638-821A-4A97-883B-76A5B3ADF571}.Release|x86.Build.0 = Release|Win32
		{8B2F8BE8-0C6A-405C-8687-B27230B2E25D}.Debug|Any CPU.ActiveCfg = Debug|Win32
		{8B2F8BE8-0C6A-405C-8687-B27230B2E25D}.Debug|x64.ActiveCfg = Debug|x64
		{8B2F8BE8-0C6A-405C-8687-B27230B2E25D}.Debug|x64.Build.0 = Debug|x64
		{8B2F8BE8-0C6A-405C-8687-B27230B2E25D}.Debug|x86.ActiveCfg = Debug|Win32
		{8B2F8BE8-0C6A-405C-8687-B27230B2E25D}.Debug|x86.Build.0 = Debug|Win32
		{8B2F8BE8-0C6A-405C-8687-B27230B2E25D}.Release|Any CPU.ActiveCfg = Release|Win32
		{8B2F8BE8-0C6A-405C-8687-B27230B2E25D}.Release|x64.ActiveCfg = Release|x64
		{8B2F8BE8-0C6A-405C-8687-B27230B2E25D}.Release|x64.Build.0 = Release|x64
		{8B2F8BE8-0C6A-405C-8687-B27230B2E25D}.Release|x86.ActiveCfg = Release|Win32
		{8B2F8BE8-0C6A-405C-8687-B27230B2E25D}.Release|x86.Build.0 = Release|Win32
		{817B6858-D4AF-419B-B6B9-1CD359744DBB}.Debug|Any CPU.ActiveCfg = Debug|Win32
		{817B6858-D4AF-419B-B6B9-1CD359744DBB}.Debug|x64.ActiveCfg = Debug|x64
		{817B6858-D4AF-419B-B6B9-1CD359744DBB}.Debug|x64.Build.0 = Debug|x64
		{817B6858-D4AF-419B-B6B9-1CD359744DBB}.Debug|x86.ActiveCfg = Debug|Win32
		{817B6858-D4AF-419B-B6B9-1CD359744DBB}.Debug|x86.Build.0 = Debug|Win32
		{817B6858-D4AF-419B-B6B9-1CD359744DBB}.Release|Any CPU.ActiveCfg = Release|Win32
		{817B6858-D4AF-419B-B6B9-1CD359744DBB}.Release|x64.ActiveCfg = Release|x64
		{817B6858-D4AF-419B-B6B9-1CD359744DBB}.Release|x64.Build.0 = Release|x64
		{817B6858-D4AF-419B-B6B9-1CD359744DBB}.Release|x86.ActiveCfg = Release|Win32
		{817B6858-D4AF-419B-B6B9-1CD359744DBB}.Release|x86.Build.0 = Release|Win32
		{0B2853B5-0AC7-46B3-9DCF-B187A46D1C7B}.Debug|Any CPU.ActiveCfg = Debug|Win32
		{0B2853B5-0AC7-46B3-9DCF-B187A46D1C7B}.Debug|x64.ActiveCfg = Debug|x64
		{0B2853B5-0AC7-46B3-9DCF-B187A46D1C7B}.Debug|x64.Build.0 = Debug|x64
		{0B2853B5-0AC7-46B3-9DCF-B187A46D1C7B}.Debug|x86.ActiveCfg = Debug|Win32
		{0B2853B5-0AC7-46B3-9DCF-B187A46D1C7B}.Debug|x86.Build.0 = Debug|Win32
		{0B2853B5-0AC7-46B3-9DCF-B187A46D1C7B}.Release|Any CPU.ActiveCfg = Release|Win32
		{0B2853B5-0AC7-46B3-9DCF-B187A46D1C7B}.Release|x64.ActiveCfg = Release|x64
		{0B2853B5-0AC7-46B3-9DCF-B187A46D1C7B}.Release|x64.Build.0 = Release|x64
		{0B2853B5-0AC7-46B3-9DCF-B187A46D1C7B}.Release|x86.ActiveCfg = Release|Win32
		{0B2853B5-0AC7-46B3-9DCF-B187A46D1C7B}.Release|x86.Build.0 = Release|Win32
		{FB6F03D6-2E4B-4667-BA57-8BB62B4DB464}.Debug|Any CPU.ActiveCfg = Debug|Win32
		{FB6F03D6-2E4B-4667-BA57-8BB62B4DB464}.Debug|x64.ActiveCfg = Debug|x64
		{FB6F03D6-2E4B-4667-BA57-8BB62B4DB464}.Debug|x64.Build.0 = Debug|x64
		{FB6F03D6-2E4B-4667-BA57-8BB62B4DB464}.Debug|x86.ActiveCfg = Debug|Win32
		{FB6F03D6-2E4B-4667-BA57-8BB62B4DB464}.Debug|x86.Build.0 = Debug|Win32
		{FB6F03D6-2E4B-4667-BA57-8BB62B4DB464}.Release|Any CPU.ActiveCfg = Release|Win32
		{FB6F03D6-2E4B-4667-BA57-8BB62B4DB464}.Release|x64.ActiveCfg = Release|x64
		{FB6F03D6-2E4B-4667-BA57-8BB62B4DB464}.Release|x64.Build.0 = Release|x64
		{FB6F03D6-2E4B-4667-BA57-8BB62B4DB464}.Release|x86.ActiveCfg = Release|Win32
		{FB6F03D6-2E4B-4667-BA57-8BB62B4DB464}.Release|x86.Build.0 = Release|Win32
		{14600BFB-9E7F-4CF7-88FF-D6B2CAD8D67A}.Debug|Any CPU.ActiveCfg = Debug|Win32
		{14600BFB-9E7F-4CF7-88FF-D6B2CAD8D67A}.Debug|x64.ActiveCfg = Debug|x64
		{14600BFB-9E7F-4CF7-88FF-D6B2CAD8D67A}.Debug|x64.Build.0 = Debug|x64
		{14600BFB-9E7F-4CF7-88FF-D6B2CAD8D67A}.Debug|x86.ActiveCfg = Debug|Win32
		{14600BFB-9E7F-4CF7-88FF-D6B2CAD8D67A}.Debug|x86.Build.0 = Debug|Win32
		{14600BFB-9E7F-4CF7-88FF-D6B2CAD8D67A}.Release|Any CPU.ActiveCfg = Release|Win32
		{14600BFB-9E7F-4CF7-88FF-D6B2CAD8D67A}.Release|x64.ActiveCfg = Release|x64
		{14600BFB-9E7F-4CF7-88FF-D6B2CAD8D67A}.Release|x64.Build.0 = Release|x64
		{14600BFB-9E7F-4CF7-88FF-D6B2CAD8D67A}.Release|x86.ActiveCfg = Release|Win32
		{14600BFB-9E7F-4CF7-88FF-D6B2CAD8D67A}.Release|x86.Build.0 = Release|Win32
		{76047BE6-6B27-47CB-869B-8DC955C482E9}.Debug|Any CPU.ActiveCfg = Debug|Win32
		{76047BE6-6B27-47CB-869B-8DC955C482E9}.Debug|x64.ActiveCfg = Debug|x64
		{76047BE6-6B27-47CB-869B-8DC955C482E9}.Debug|x64.Build.0 = Debug|x64
		{76047BE6-6B27-47CB-869B-8DC955C482E9}.Debug|x86.ActiveCfg = Debug|Win32
		{76047BE6-6B27-47CB-869B-8DC955C482E9}.Debug|x86.Build.0 = Debug|Win32
		{76047BE6-6B27-47CB-869B-8DC955C482E9}.Release|Any CPU.ActiveCfg = Release|Win32
		{76047BE6-6B27-47CB-869B-8DC955C482E9}.Release|x64.ActiveCfg = Release|x64
		{76047BE6-6B27-47CB-869B-8DC955C482E9}.Release|x64.Build.0 = Release|x64
		{76047BE6-6B27-47CB-869B-8DC955C482E9}.Release|x86.ActiveCfg = Release|Win32
		{76047BE6-6B27-47CB-869B-8DC955C482E9}.Release|x86.Build.0 = Release|Win32
	EndGlobalSection
	GlobalSection(SolutionProperties) = preSolution
		HideSolutionNode = FALSE
	EndGlobalSection
	GlobalSection(ExtensibilityGlobals) = postSolution
		SolutionGuid = {66DACAA0-DC14-46E1-A9D4-E8F48E1A1CE3}
	EndGlobalSection
EndGlobal
